// !$*UTF8*$!
{
	archiveVersion = 1;
	classes = {
	};
	objectVersion = 56;
	objects = {

/* Begin PBXBuildFile section */
		109FFB8528F3289C00FFFA12 /* SAAsyncViewDemoApp.swift in Sources */ = {isa = PBXBuildFile; fileRef = 109FFB8428F3289C00FFFA12 /* SAAsyncViewDemoApp.swift */; };
		109FFB8928F3289E00FFFA12 /* Assets.xcassets in Resources */ = {isa = PBXBuildFile; fileRef = 109FFB8828F3289E00FFFA12 /* Assets.xcassets */; };
		109FFB8C28F3289E00FFFA12 /* Preview Assets.xcassets in Resources */ = {isa = PBXBuildFile; fileRef = 109FFB8B28F3289E00FFFA12 /* Preview Assets.xcassets */; };
		109FFB9828F32BAE00FFFA12 /* SettingView.swift in Sources */ = {isa = PBXBuildFile; fileRef = 109FFB9428F32BAE00FFFA12 /* SettingView.swift */; };
		109FFB9928F32BAE00FFFA12 /* Country.swift in Sources */ = {isa = PBXBuildFile; fileRef = 109FFB9528F32BAE00FFFA12 /* Country.swift */; };
		109FFB9A28F32BAE00FFFA12 /* Endpoint.swift in Sources */ = {isa = PBXBuildFile; fileRef = 109FFB9628F32BAE00FFFA12 /* Endpoint.swift */; };
		109FFB9B28F32BAE00FFFA12 /* HomeView.swift in Sources */ = {isa = PBXBuildFile; fileRef = 109FFB9728F32BAE00FFFA12 /* HomeView.swift */; };
		109FFB9E28F32BDB00FFFA12 /* SAAsyncView in Frameworks */ = {isa = PBXBuildFile; productRef = 109FFB9D28F32BDB00FFFA12 /* SAAsyncView */; };
/* End PBXBuildFile section */

/* Begin PBXFileReference section */
		109FFB8128F3289C00FFFA12 /* SAAsyncViewDemo.app */ = {isa = PBXFileReference; explicitFileType = wrapper.application; includeInIndex = 0; path = SAAsyncViewDemo.app; sourceTree = BUILT_PRODUCTS_DIR; };
		109FFB8428F3289C00FFFA12 /* SAAsyncViewDemoApp.swift */ = {isa = PBXFileReference; lastKnownFileType = sourcecode.swift; path = SAAsyncViewDemoApp.swift; sourceTree = "<group>"; };
		109FFB8828F3289E00FFFA12 /* Assets.xcassets */ = {isa = PBXFileReference; lastKnownFileType = folder.assetcatalog; path = Assets.xcassets; sourceTree = "<group>"; };
		109FFB8B28F3289E00FFFA12 /* Preview Assets.xcassets */ = {isa = PBXFileReference; lastKnownFileType = folder.assetcatalog; path = "Preview Assets.xcassets"; sourceTree = "<group>"; };
		109FFB9328F328C200FFFA12 /* SAAsyncView */ = {isa = PBXFileReference; lastKnownFileType = wrapper; name = SAAsyncView; path = ..; sourceTree = "<group>"; };
		109FFB9428F32BAE00FFFA12 /* SettingView.swift */ = {isa = PBXFileReference; fileEncoding = 4; lastKnownFileType = sourcecode.swift; path = SettingView.swift; sourceTree = "<group>"; };
		109FFB9528F32BAE00FFFA12 /* Country.swift */ = {isa = PBXFileReference; fileEncoding = 4; lastKnownFileType = sourcecode.swift; path = Country.swift; sourceTree = "<group>"; };
		109FFB9628F32BAE00FFFA12 /* Endpoint.swift */ = {isa = PBXFileReference; fileEncoding = 4; lastKnownFileType = sourcecode.swift; path = Endpoint.swift; sourceTree = "<group>"; };
		109FFB9728F32BAE00FFFA12 /* HomeView.swift */ = {isa = PBXFileReference; fileEncoding = 4; lastKnownFileType = sourcecode.swift; path = HomeView.swift; sourceTree = "<group>"; };
/* End PBXFileReference section */

/* Begin PBXFrameworksBuildPhase section */
		109FFB7E28F3289C00FFFA12 /* Frameworks */ = {
			isa = PBXFrameworksBuildPhase;
			buildActionMask = 2147483647;
			files = (
				109FFB9E28F32BDB00FFFA12 /* SAAsyncView in Frameworks */,
			);
			runOnlyForDeploymentPostprocessing = 0;
		};
/* End PBXFrameworksBuildPhase section */

/* Begin PBXGroup section */
		109FFB7828F3289C00FFFA12 = {
			isa = PBXGroup;
			children = (
				109FFB9228F328C200FFFA12 /* Packages */,
				109FFB8328F3289C00FFFA12 /* SAAsyncViewDemo */,
				109FFB8228F3289C00FFFA12 /* Products */,
				109FFB9C28F32BDB00FFFA12 /* Frameworks */,
			);
			sourceTree = "<group>";
		};
		109FFB8228F3289C00FFFA12 /* Products */ = {
			isa = PBXGroup;
			children = (
				109FFB8128F3289C00FFFA12 /* SAAsyncViewDemo.app */,
			);
			name = Products;
			sourceTree = "<group>";
		};
		109FFB8328F3289C00FFFA12 /* SAAsyncViewDemo */ = {
			isa = PBXGroup;
			children = (
				109FFB8428F3289C00FFFA12 /* SAAsyncViewDemoApp.swift */,
				109FFBA128F3313100FFFA12 /* View */,
				109FFBA028F3312600FFFA12 /* Data */,
				109FFB8828F3289E00FFFA12 /* Assets.xcassets */,
				109FFB8A28F3289E00FFFA12 /* Preview Content */,
			);
			path = SAAsyncViewDemo;
			sourceTree = "<group>";
		};
		109FFB8A28F3289E00FFFA12 /* Preview Content */ = {
			isa = PBXGroup;
			children = (
				109FFB8B28F3289E00FFFA12 /* Preview Assets.xcassets */,
			);
			path = "Preview Content";
			sourceTree = "<group>";
		};
		109FFB9228F328C200FFFA12 /* Packages */ = {
			isa = PBXGroup;
			children = (
				109FFB9328F328C200FFFA12 /* SAAsyncView */,
			);
			name = Packages;
			sourceTree = "<group>";
		};
		109FFB9C28F32BDB00FFFA12 /* Frameworks */ = {
			isa = PBXGroup;
			children = (
			);
			name = Frameworks;
			sourceTree = "<group>";
		};
		109FFB9F28F3311A00FFFA12 /* Model */ = {
			isa = PBXGroup;
			children = (
				109FFB9528F32BAE00FFFA12 /* Country.swift */,
			);
			path = Model;
			sourceTree = "<group>";
		};
		109FFBA028F3312600FFFA12 /* Data */ = {
			isa = PBXGroup;
			children = (
				109FFB9628F32BAE00FFFA12 /* Endpoint.swift */,
				109FFB9F28F3311A00FFFA12 /* Model */,
			);
			path = Data;
			sourceTree = "<group>";
		};
		109FFBA128F3313100FFFA12 /* View */ = {
			isa = PBXGroup;
			children = (
				109FFB9728F32BAE00FFFA12 /* HomeView.swift */,
				109FFB9428F32BAE00FFFA12 /* SettingView.swift */,
			);
			path = View;
			sourceTree = "<group>";
		};
/* End PBXGroup section */

/* Begin PBXNativeTarget section */
		109FFB8028F3289C00FFFA12 /* SAAsyncViewDemo */ = {
			isa = PBXNativeTarget;
			buildConfigurationList = 109FFB8F28F3289E00FFFA12 /* Build configuration list for PBXNativeTarget "SAAsyncViewDemo" */;
			buildPhases = (
				109FFB7D28F3289C00FFFA12 /* Sources */,
				109FFB7E28F3289C00FFFA12 /* Frameworks */,
				109FFB7F28F3289C00FFFA12 /* Resources */,
			);
			buildRules = (
			);
			dependencies = (
			);
			name = SAAsyncViewDemo;
			packageProductDependencies = (
				109FFB9D28F32BDB00FFFA12 /* SAAsyncView */,
			);
			productName = SAAsyncViewDemo;
			productReference = 109FFB8128F3289C00FFFA12 /* SAAsyncViewDemo.app */;
			productType = "com.apple.product-type.application";
		};
/* End PBXNativeTarget section */

/* Begin PBXProject section */
		109FFB7928F3289C00FFFA12 /* Project object */ = {
			isa = PBXProject;
			attributes = {
				BuildIndependentTargetsInParallel = 1;
				LastSwiftUpdateCheck = 1400;
				LastUpgradeCheck = 1400;
				TargetAttributes = {
					109FFB8028F3289C00FFFA12 = {
						CreatedOnToolsVersion = 14.0;
					};
				};
			};
			buildConfigurationList = 109FFB7C28F3289C00FFFA12 /* Build configuration list for PBXProject "SAAsyncViewDemo" */;
			compatibilityVersion = "Xcode 14.0";
			developmentRegion = en;
			hasScannedForEncodings = 0;
			knownRegions = (
				en,
				Base,
			);
			mainGroup = 109FFB7828F3289C00FFFA12;
			productRefGroup = 109FFB8228F3289C00FFFA12 /* Products */;
			projectDirPath = "";
			projectRoot = "";
			targets = (
				109FFB8028F3289C00FFFA12 /* SAAsyncViewDemo */,
			);
		};
/* End PBXProject section */

/* Begin PBXResourcesBuildPhase section */
		109FFB7F28F3289C00FFFA12 /* Resources */ = {
			isa = PBXResourcesBuildPhase;
			buildActionMask = 2147483647;
			files = (
				109FFB8C28F3289E00FFFA12 /* Preview Assets.xcassets in Resources */,
				109FFB8928F3289E00FFFA12 /* Assets.xcassets in Resources */,
			);
			runOnlyForDeploymentPostprocessing = 0;
		};
/* End PBXResourcesBuildPhase section */

/* Begin PBXSourcesBuildPhase section */
		109FFB7D28F3289C00FFFA12 /* Sources */ = {
			isa = PBXSourcesBuildPhase;
			buildActionMask = 2147483647;
			files = (
				109FFB9928F32BAE00FFFA12 /* Country.swift in Sources */,
				109FFB9828F32BAE00FFFA12 /* SettingView.swift in Sources */,
				109FFB9B28F32BAE00FFFA12 /* HomeView.swift in Sources */,
				109FFB8528F3289C00FFFA12 /* SAAsyncViewDemoApp.swift in Sources */,
				109FFB9A28F32BAE00FFFA12 /* Endpoint.swift in Sources */,
			);
			runOnlyForDeploymentPostprocessing = 0;
		};
/* End PBXSourcesBuildPhase section */

/* Begin XCBuildConfiguration section */
		109FFB8D28F3289E00FFFA12 /* Debug */ = {
			isa = XCBuildConfiguration;
			buildSettings = {
				ALWAYS_SEARCH_USER_PATHS = NO;
				CLANG_ANALYZER_NONNULL = YES;
				CLANG_ANALYZER_NUMBER_OBJECT_CONVERSION = YES_AGGRESSIVE;
				CLANG_CXX_LANGUAGE_STANDARD = "gnu++20";
				CLANG_ENABLE_MODULES = YES;
				CLANG_ENABLE_OBJC_ARC = YES;
				CLANG_ENABLE_OBJC_WEAK = YES;
				CLANG_WARN_BLOCK_CAPTURE_AUTORELEASING = YES;
				CLANG_WARN_BOOL_CONVERSION = YES;
				CLANG_WARN_COMMA = YES;
				CLANG_WARN_CONSTANT_CONVERSION = YES;
				CLANG_WARN_DEPRECATED_OBJC_IMPLEMENTATIONS = YES;
				CLANG_WARN_DIRECT_OBJC_ISA_USAGE = YES_ERROR;
				CLANG_WARN_DOCUMENTATION_COMMENTS = YES;
				CLANG_WARN_EMPTY_BODY = YES;
				CLANG_WARN_ENUM_CONVERSION = YES;
				CLANG_WARN_INFINITE_RECURSION = YES;
				CLANG_WARN_INT_CONVERSION = YES;
				CLANG_WARN_NON_LITERAL_NULL_CONVERSION = YES;
				CLANG_WARN_OBJC_IMPLICIT_RETAIN_SELF = YES;
				CLANG_WARN_OBJC_LITERAL_CONVERSION = YES;
				CLANG_WARN_OBJC_ROOT_CLASS = YES_ERROR;
				CLANG_WARN_QUOTED_INCLUDE_IN_FRAMEWORK_HEADER = YES;
				CLANG_WARN_RANGE_LOOP_ANALYSIS = YES;
				CLANG_WARN_STRICT_PROTOTYPES = YES;
				CLANG_WARN_SUSPICIOUS_MOVE = YES;
				CLANG_WARN_UNGUARDED_AVAILABILITY = YES_AGGRESSIVE;
				CLANG_WARN_UNREACHABLE_CODE = YES;
				CLANG_WARN__DUPLICATE_METHOD_MATCH = YES;
				COPY_PHASE_STRIP = NO;
				DEBUG_INFORMATION_FORMAT = dwarf;
				ENABLE_STRICT_OBJC_MSGSEND = YES;
				ENABLE_TESTABILITY = YES;
				GCC_C_LANGUAGE_STANDARD = gnu11;
				GCC_DYNAMIC_NO_PIC = NO;
				GCC_NO_COMMON_BLOCKS = YES;
				GCC_OPTIMIZATION_LEVEL = 0;
				GCC_PREPROCESSOR_DEFINITIONS = (
					"DEBUG=1",
					"$(inherited)",
				);
				GCC_WARN_64_TO_32_BIT_CONVERSION = YES;
				GCC_WARN_ABOUT_RETURN_TYPE = YES_ERROR;
				GCC_WARN_UNDECLARED_SELECTOR = YES;
				GCC_WARN_UNINITIALIZED_AUTOS = YES_AGGRESSIVE;
				GCC_WARN_UNUSED_FUNCTION = YES;
				GCC_WARN_UNUSED_VARIABLE = YES;
				IPHONEOS_DEPLOYMENT_TARGET = 16.0;
				MTL_ENABLE_DEBUG_INFO = INCLUDE_SOURCE;
				MTL_FAST_MATH = YES;
				ONLY_ACTIVE_ARCH = YES;
				SDKROOT = iphoneos;
				SWIFT_ACTIVE_COMPILATION_CONDITIONS = DEBUG;
				SWIFT_OPTIMIZATION_LEVEL = "-Onone";
			};
			name = Debug;
		};
		109FFB8E28F3289E00FFFA12 /* Release */ = {
			isa = XCBuildConfiguration;
			buildSettings = {
				ALWAYS_SEARCH_USER_PATHS = NO;
				CLANG_ANALYZER_NONNULL = YES;
				CLANG_ANALYZER_NUMBER_OBJECT_CONVERSION = YES_AGGRESSIVE;
				CLANG_CXX_LANGUAGE_STANDARD = "gnu++20";
				CLANG_ENABLE_MODULES = YES;
				CLANG_ENABLE_OBJC_ARC = YES;
				CLANG_ENABLE_OBJC_WEAK = YES;
				CLANG_WARN_BLOCK_CAPTURE_AUTORELEASING = YES;
				CLANG_WARN_BOOL_CONVERSION = YES;
				CLANG_WARN_COMMA = YES;
				CLANG_WARN_CONSTANT_CONVERSION = YES;
				CLANG_WARN_DEPRECATED_OBJC_IMPLEMENTATIONS = YES;
				CLANG_WARN_DIRECT_OBJC_ISA_USAGE = YES_ERROR;
				CLANG_WARN_DOCUMENTATION_COMMENTS = YES;
				CLANG_WARN_EMPTY_BODY = YES;
				CLANG_WARN_ENUM_CONVERSION = YES;
				CLANG_WARN_INFINITE_RECURSION = YES;
				CLANG_WARN_INT_CONVERSION = YES;
				CLANG_WARN_NON_LITERAL_NULL_CONVERSION = YES;
				CLANG_WARN_OBJC_IMPLICIT_RETAIN_SELF = YES;
				CLANG_WARN_OBJC_LITERAL_CONVERSION = YES;
				CLANG_WARN_OBJC_ROOT_CLASS = YES_ERROR;
				CLANG_WARN_QUOTED_INCLUDE_IN_FRAMEWORK_HEADER = YES;
				CLANG_WARN_RANGE_LOOP_ANALYSIS = YES;
				CLANG_WARN_STRICT_PROTOTYPES = YES;
				CLANG_WARN_SUSPICIOUS_MOVE = YES;
				CLANG_WARN_UNGUARDED_AVAILABILITY = YES_AGGRESSIVE;
				CLANG_WARN_UNREACHABLE_CODE = YES;
				CLANG_WARN__DUPLICATE_METHOD_MATCH = YES;
				COPY_PHASE_STRIP = NO;
				DEBUG_INFORMATION_FORMAT = "dwarf-with-dsym";
				ENABLE_NS_ASSERTIONS = NO;
				ENABLE_STRICT_OBJC_MSGSEND = YES;
				GCC_C_LANGUAGE_STANDARD = gnu11;
				GCC_NO_COMMON_BLOCKS = YES;
				GCC_WARN_64_TO_32_BIT_CONVERSION = YES;
				GCC_WARN_ABOUT_RETURN_TYPE = YES_ERROR;
				GCC_WARN_UNDECLARED_SELECTOR = YES;
				GCC_WARN_UNINITIALIZED_AUTOS = YES_AGGRESSIVE;
				GCC_WARN_UNUSED_FUNCTION = YES;
				GCC_WARN_UNUSED_VARIABLE = YES;
				IPHONEOS_DEPLOYMENT_TARGET = 16.0;
				MTL_ENABLE_DEBUG_INFO = NO;
				MTL_FAST_MATH = YES;
				SDKROOT = iphoneos;
				SWIFT_COMPILATION_MODE = wholemodule;
				SWIFT_OPTIMIZATION_LEVEL = "-O";
				VALIDATE_PRODUCT = YES;
			};
			name = Release;
		};
		109FFB9028F3289E00FFFA12 /* Debug */ = {
			isa = XCBuildConfiguration;
			buildSettings = {
				ASSETCATALOG_COMPILER_APPICON_NAME = AppIcon;
				ASSETCATALOG_COMPILER_GLOBAL_ACCENT_COLOR_NAME = AccentColor;
				CODE_SIGN_STYLE = Automatic;
				CURRENT_PROJECT_VERSION = 1;
				DEVELOPMENT_ASSET_PATHS = "\"SAAsyncViewDemo/Preview Content\"";
				DEVELOPMENT_TEAM = PZ9NZA89U4;
				ENABLE_PREVIEWS = YES;
				GENERATE_INFOPLIST_FILE = YES;
				INFOPLIST_KEY_UIApplicationSceneManifest_Generation = YES;
				INFOPLIST_KEY_UIApplicationSupportsIndirectInputEvents = YES;
				INFOPLIST_KEY_UILaunchScreen_Generation = YES;
				INFOPLIST_KEY_UISupportedInterfaceOrientations_iPad = "UIInterfaceOrientationPortrait UIInterfaceOrientationPortraitUpsideDown UIInterfaceOrientationLandscapeLeft UIInterfaceOrientationLandscapeRight";
				INFOPLIST_KEY_UISupportedInterfaceOrientations_iPhone = "UIInterfaceOrientationPortrait UIInterfaceOrientationLandscapeLeft UIInterfaceOrientationLandscapeRight";
				IPHONEOS_DEPLOYMENT_TARGET = 15.0;
				LD_RUNPATH_SEARCH_PATHS = (
					"$(inherited)",
					"@executable_path/Frameworks",
				);
				MARKETING_VERSION = 1.0;
				PRODUCT_BUNDLE_IDENTIFIER = com.ngodacdu.SAAsyncViewDemo;
				PRODUCT_NAME = "$(TARGET_NAME)";
				SWIFT_EMIT_LOC_STRINGS = YES;
				SWIFT_VERSION = 5.0;
				TARGETED_DEVICE_FAMILY = "1,2";
			};
			name = Debug;
		};
		109FFB9128F3289E00FFFA12 /* Release */ = {
			isa = XCBuildConfiguration;
			buildSettings = {
				ASSETCATALOG_COMPILER_APPICON_NAME = AppIcon;
				ASSETCATALOG_COMPILER_GLOBAL_ACCENT_COLOR_NAME = AccentColor;
				CODE_SIGN_STYLE = Automatic;
				CURRENT_PROJECT_VERSION = 1;
				DEVELOPMENT_ASSET_PATHS = "\"SAAsyncViewDemo/Preview Content\"";
				DEVELOPMENT_TEAM = PZ9NZA89U4;
				ENABLE_PREVIEWS = YES;
				GENERATE_INFOPLIST_FILE = YES;
				INFOPLIST_KEY_UIApplicationSceneManifest_Generation = YES;
				INFOPLIST_KEY_UIApplicationSupportsIndirectInputEvents = YES;
				INFOPLIST_KEY_UILaunchScreen_Generation = YES;
				INFOPLIST_KEY_UISupportedInterfaceOrientations_iPad = "UIInterfaceOrientationPortrait UIInterfaceOrientationPortraitUpsideDown UIInterfaceOrientationLandscapeLeft UIInterfaceOrientationLandscapeRight";
				INFOPLIST_KEY_UISupportedInterfaceOrientations_iPhone = "UIInterfaceOrientationPortrait UIInterfaceOrientationLandscapeLeft UIInterfaceOrientationLandscapeRight";
				IPHONEOS_DEPLOYMENT_TARGET = 15.0;
				LD_RUNPATH_SEARCH_PATHS = (
					"$(inherited)",
					"@executable_path/Frameworks",
				);
				MARKETING_VERSION = 1.0;
				PRODUCT_BUNDLE_IDENTIFIER = com.ngodacdu.SAAsyncViewDemo;
				PRODUCT_NAME = "$(TARGET_NAME)";
				SWIFT_EMIT_LOC_STRINGS = YES;
				SWIFT_VERSION = 5.0;
				TARGETED_DEVICE_FAMILY = "1,2";
			};
			name = Release;
		};
/* End XCBuildConfiguration section */

/* Begin XCConfigurationList section */
		109FFB7C28F3289C00FFFA12 /* Build configuration list for PBXProject "SAAsyncViewDemo" */ = {
			isa = XCConfigurationList;
			buildConfigurations = (
				109FFB8D28F3289E00FFFA12 /* Debug */,
				109FFB8E28F3289E00FFFA12 /* Release */,
			);
			defaultConfigurationIsVisible = 0;
			defaultConfigurationName = Release;
		};
		109FFB8F28F3289E00FFFA12 /* Build configuration list for PBXNativeTarget "SAAsyncViewDemo" */ = {
			isa = XCConfigurationList;
			buildConfigurations = (
				109FFB9028F3289E00FFFA12 /* Debug */,
				109FFB9128F3289E00FFFA12 /* Release */,
			);
			defaultConfigurationIsVisible = 0;
			defaultConfigurationName = Release;
		};
/* End XCConfigurationList section */

/* Begin XCSwiftPackageProductDependency section */
		109FFB9D28F32BDB00FFFA12 /* SAAsyncView */ = {
			isa = XCSwiftPackageProductDependency;
			productName = SAAsyncView;
		};
/* End XCSwiftPackageProductDependency section */
	};
	rootObject = 109FFB7928F3289C00FFFA12 /* Project object */;
}
